
Microsoft Visual Studio Solution File, Format Version 12.00
# Visual Studio Version 17
VisualStudioVersion = 17.9.34728.123
MinimumVisualStudioVersion = 10.0.40219.1
Project("{FAE04EC0-301F-11D3-BF4B-00C04F79EFBC}") = "Programación - Promedio 1 - Examen Individual", "Programación - Promedio 1 - Examen Individual\Programación - Promedio 1 - Examen Individual.csproj", "{1B9F92F2-08E6-430C-8FD6-FDA47202EDA3}"
EndProject
Global
	GlobalSection(SolutionConfigurationPlatforms) = preSolution
		Debug|Any CPU = Debug|Any CPU
		Release|Any CPU = Release|Any CPU
	EndGlobalSection
	GlobalSection(ProjectConfigurationPlatforms) = postSolution
		{1B9F92F2-08E6-430C-8FD6-FDA47202EDA3}.Debug|Any CPU.ActiveCfg = Debug|Any CPU
		{1B9F92F2-08E6-430C-8FD6-FDA47202EDA3}.Debug|Any CPU.Build.0 = Debug|Any CPU
		{1B9F92F2-08E6-430C-8FD6-FDA47202EDA3}.Release|Any CPU.ActiveCfg = Release|Any CPU
		{1B9F92F2-08E6-430C-8FD6-FDA47202EDA3}.Release|Any CPU.Build.0 = Release|Any CPU
	EndGlobalSection
	GlobalSection(SolutionProperties) = preSolution
		HideSolutionNode = FALSE
	EndGlobalSection
	GlobalSection(ExtensibilityGlobals) = postSolution
		SolutionGuid = {68DCD5FF-A8F4-4896-B446-5F7FF4FE129A}
	EndGlobalSection
EndGlobal
